
Microsoft Visual Studio Solution File, Format Version 12.00
# Visual Studio 15
VisualStudioVersion = 15.0.28010.2041
MinimumVisualStudioVersion = 10.0.40219.1
Project("{FAE04EC0-301F-11D3-BF4B-00C04F79EFBC}") = "EntityFrameworkDatabaseFirst", "EntityFrameworkDatabaseFirst\EntityFrameworkDatabaseFirst.csproj", "{326A6C48-4617-4B42-B77D-A8C38A2AC509}"
EndProject
Global
	GlobalSection(SolutionConfigurationPlatforms) = preSolution
		Debug|Any CPU = Debug|Any CPU
		Release|Any CPU = Release|Any CPU
	EndGlobalSection
	GlobalSection(ProjectConfigurationPlatforms) = postSolution
		{326A6C48-4617-4B42-B77D-A8C38A2AC509}.Debug|Any CPU.ActiveCfg = Debug|Any CPU
		{326A6C48-4617-4B42-B77D-A8C38A2AC509}.Debug|Any CPU.Build.0 = Debug|Any CPU
		{326A6C48-4617-4B42-B77D-A8C38A2AC509}.Release|Any CPU.ActiveCfg = Release|Any CPU
		{326A6C48-4617-4B42-B77D-A8C38A2AC509}.Release|Any CPU.Build.0 = Release|Any CPU
	EndGlobalSection
	GlobalSection(SolutionProperties) = preSolution
		HideSolutionNode = FALSE
	EndGlobalSection
	GlobalSection(ExtensibilityGlobals) = postSolution
		SolutionGuid = {ED7982A9-874B-4904-AE61-F700EACDB87C}
	EndGlobalSection
EndGlobal
